
Microsoft Visual Studio Solution File, Format Version 12.00
# Visual Studio Version 16
VisualStudioVersion = 16.0.29709.97
MinimumVisualStudioVersion = 10.0.40219.1
Project("{9A19103F-16F7-4668-BE54-9A1E7A4F7556}") = "Noyau", "Noyau\Noyau.csproj", "{02B0C778-4CE6-4683-AB06-2B257B94B505}"
EndProject
Project("{9A19103F-16F7-4668-BE54-9A1E7A4F7556}") = "SolveurLiensDansants", "SolveurLiensDansants\SolveurLiensDansants.csproj", "{29043D4E-B4CA-49F6-91F6-160CD2B94DA9}"
EndProject
Project("{9A19103F-16F7-4668-BE54-9A1E7A4F7556}") = "SolveurGenetic", "SolveurGenetic\SolveurGenetic.csproj", "{1C1B6FF7-5838-4DBD-BE82-EC969E85B798}"
EndProject
Project("{9A19103F-16F7-4668-BE54-9A1E7A4F7556}") = "SolveurORTools", "SolveurORTools\SolveurORTools.csproj", "{04A49D64-4241-464A-871A-5F71D0572447}"
EndProject
Project("{9A19103F-16F7-4668-BE54-9A1E7A4F7556}") = "SolverN", "SolverN\SolverN.csproj", "{F46C9C3B-4647-48EE-8154-10B4521287A1}"
EndProject
Project("{FAE04EC0-301F-11D3-BF4B-00C04F79EFBC}") = "SolverNorvig1", "SolverNorvig1\SolverNorvig1.csproj", "{5D0FD135-D1E8-4324-8390-CCC7F54CB6C4}"
EndProject
Project("{FAE04EC0-301F-11D3-BF4B-00C04F79EFBC}") = "Benchmark", "Benchmark\Benchmark.csproj", "{0B348E5E-043A-4076-A782-D7F98CC5E89C}"
	ProjectSection(ProjectDependencies) = postProject
		{29043D4E-B4CA-49F6-91F6-160CD2B94DA9} = {29043D4E-B4CA-49F6-91F6-160CD2B94DA9}
		{04A49D64-4241-464A-871A-5F71D0572447} = {04A49D64-4241-464A-871A-5F71D0572447}
		{02B0C778-4CE6-4683-AB06-2B257B94B505} = {02B0C778-4CE6-4683-AB06-2B257B94B505}
		{1C1B6FF7-5838-4DBD-BE82-EC969E85B798} = {1C1B6FF7-5838-4DBD-BE82-EC969E85B798}
	EndProjectSection
EndProject
Global
	GlobalSection(SolutionConfigurationPlatforms) = preSolution
		Debug|Any CPU = Debug|Any CPU
		Release|Any CPU = Release|Any CPU
	EndGlobalSection
	GlobalSection(ProjectConfigurationPlatforms) = postSolution
		{02B0C778-4CE6-4683-AB06-2B257B94B505}.Debug|Any CPU.ActiveCfg = Debug|Any CPU
		{02B0C778-4CE6-4683-AB06-2B257B94B505}.Debug|Any CPU.Build.0 = Debug|Any CPU
		{02B0C778-4CE6-4683-AB06-2B257B94B505}.Release|Any CPU.ActiveCfg = Release|Any CPU
		{02B0C778-4CE6-4683-AB06-2B257B94B505}.Release|Any CPU.Build.0 = Release|Any CPU
		{29043D4E-B4CA-49F6-91F6-160CD2B94DA9}.Debug|Any CPU.ActiveCfg = Debug|Any CPU
		{29043D4E-B4CA-49F6-91F6-160CD2B94DA9}.Debug|Any CPU.Build.0 = Debug|Any CPU
		{29043D4E-B4CA-49F6-91F6-160CD2B94DA9}.Release|Any CPU.ActiveCfg = Release|Any CPU
		{29043D4E-B4CA-49F6-91F6-160CD2B94DA9}.Release|Any CPU.Build.0 = Release|Any CPU
		{1C1B6FF7-5838-4DBD-BE82-EC969E85B798}.Debug|Any CPU.ActiveCfg = Debug|Any CPU
		{1C1B6FF7-5838-4DBD-BE82-EC969E85B798}.Debug|Any CPU.Build.0 = Debug|Any CPU
		{1C1B6FF7-5838-4DBD-BE82-EC969E85B798}.Release|Any CPU.ActiveCfg = Release|Any CPU
		{1C1B6FF7-5838-4DBD-BE82-EC969E85B798}.Release|Any CPU.Build.0 = Release|Any CPU
		{04A49D64-4241-464A-871A-5F71D0572447}.Debug|Any CPU.ActiveCfg = Debug|Any CPU
		{04A49D64-4241-464A-871A-5F71D0572447}.Debug|Any CPU.Build.0 = Debug|Any CPU
		{04A49D64-4241-464A-871A-5F71D0572447}.Release|Any CPU.ActiveCfg = Release|Any CPU
		{04A49D64-4241-464A-871A-5F71D0572447}.Release|Any CPU.Build.0 = Release|Any CPU
		{F46C9C3B-4647-48EE-8154-10B4521287A1}.Debug|Any CPU.ActiveCfg = Debug|Any CPU
		{F46C9C3B-4647-48EE-8154-10B4521287A1}.Debug|Any CPU.Build.0 = Debug|Any CPU
		{F46C9C3B-4647-48EE-8154-10B4521287A1}.Release|Any CPU.ActiveCfg = Release|Any CPU
		{F46C9C3B-4647-48EE-8154-10B4521287A1}.Release|Any CPU.Build.0 = Release|Any CPU
		{5D0FD135-D1E8-4324-8390-CCC7F54CB6C4}.Debug|Any CPU.ActiveCfg = Debug|Any CPU
		{5D0FD135-D1E8-4324-8390-CCC7F54CB6C4}.Debug|Any CPU.Build.0 = Debug|Any CPU
		{5D0FD135-D1E8-4324-8390-CCC7F54CB6C4}.Release|Any CPU.ActiveCfg = Release|Any CPU
		{5D0FD135-D1E8-4324-8390-CCC7F54CB6C4}.Release|Any CPU.Build.0 = Release|Any CPU
		{0B348E5E-043A-4076-A782-D7F98CC5E89C}.Debug|Any CPU.ActiveCfg = Debug|Any CPU
		{0B348E5E-043A-4076-A782-D7F98CC5E89C}.Debug|Any CPU.Build.0 = Debug|Any CPU
		{0B348E5E-043A-4076-A782-D7F98CC5E89C}.Release|Any CPU.ActiveCfg = Release|Any CPU
		{0B348E5E-043A-4076-A782-D7F98CC5E89C}.Release|Any CPU.Build.0 = Release|Any CPU
	EndGlobalSection
	GlobalSection(SolutionProperties) = preSolution
		HideSolutionNode = FALSE
	EndGlobalSection
	GlobalSection(ExtensibilityGlobals) = postSolution
		SolutionGuid = {A953417D-6479-4AA8-8E86-5109FE9B0844}
	EndGlobalSection
EndGlobal
