
Microsoft Visual Studio Solution File, Format Version 12.00
# Blend for Visual Studio Version 16
VisualStudioVersion = 16.0.29709.97
MinimumVisualStudioVersion = 10.0.40219.1
Project("{FAE04EC0-301F-11D3-BF4B-00C04F79EFBC}") = "Noyau", "Noyau\Noyau.csproj", "{02B0C778-4CE6-4683-AB06-2B257B94B505}"
EndProject
Global
	GlobalSection(SolutionConfigurationPlatforms) = preSolution
		Debug|Any CPU = Debug|Any CPU
		Release|Any CPU = Release|Any CPU
	EndGlobalSection
	GlobalSection(ProjectConfigurationPlatforms) = postSolution
		{02B0C778-4CE6-4683-AB06-2B257B94B505}.Debug|Any CPU.ActiveCfg = Debug|Any CPU
		{02B0C778-4CE6-4683-AB06-2B257B94B505}.Debug|Any CPU.Build.0 = Debug|Any CPU
		{02B0C778-4CE6-4683-AB06-2B257B94B505}.Release|Any CPU.ActiveCfg = Release|Any CPU
		{02B0C778-4CE6-4683-AB06-2B257B94B505}.Release|Any CPU.Build.0 = Release|Any CPU
	EndGlobalSection
	GlobalSection(SolutionProperties) = preSolution
		HideSolutionNode = FALSE
	EndGlobalSection
	GlobalSection(ExtensibilityGlobals) = postSolution
		SolutionGuid = {A953417D-6479-4AA8-8E86-5109FE9B0844}
	EndGlobalSection
EndGlobal
